// !$*UTF8*$!
{
	archiveVersion = 1;
	classes = {
	};
	objectVersion = 50;
	objects = {

/* Begin PBXBuildFile section */
		920D2A742277DD8C0040F8EE /* 剑指offer in Resources */ = {isa = PBXBuildFile; fileRef = 920D2A732277DD8C0040F8EE /* 剑指offer */; };
		920D2A7C2277E8DA0040F8EE /* JSTextContext.m in Sources */ = {isa = PBXBuildFile; fileRef = 920D2A7B2277E8DA0040F8EE /* JSTextContext.m */; };
		920D2A85227816110040F8EE /* JSNetworking.m in Sources */ = {isa = PBXBuildFile; fileRef = 920D2A84227816110040F8EE /* JSNetworking.m */; };
		920D2A8722781E750040F8EE /* 数据加密 in Resources */ = {isa = PBXBuildFile; fileRef = 920D2A8622781E750040F8EE /* 数据加密 */; };
		920D2A8C2278207E0040F8EE /* JSMemory.m in Sources */ = {isa = PBXBuildFile; fileRef = 920D2A8B2278207E0040F8EE /* JSMemory.m */; };
		920D2A8F2278244B0040F8EE /* JSCompiler.m in Sources */ = {isa = PBXBuildFile; fileRef = 920D2A8E2278244B0040F8EE /* JSCompiler.m */; };
		920D2A922278255A0040F8EE /* JSPods in Resources */ = {isa = PBXBuildFile; fileRef = 920D2A912278255A0040F8EE /* JSPods */; };
		920D2A96227825A60040F8EE /* block in Resources */ = {isa = PBXBuildFile; fileRef = 920D2A95227825A60040F8EE /* block */; };
		920D2A99227825FE0040F8EE /* Prepare in Resources */ = {isa = PBXBuildFile; fileRef = 920D2A98227825FE0040F8EE /* Prepare */; };
		920D2A9D227826340040F8EE /* DataStruct.m in Sources */ = {isa = PBXBuildFile; fileRef = 920D2A9B227826340040F8EE /* DataStruct.m */; };
		920D2A9F227826BD0040F8EE /* 知识点总结 in Resources */ = {isa = PBXBuildFile; fileRef = 920D2A9E227826BD0040F8EE /* 知识点总结 */; };
		920D2AA22278290A0040F8EE /* AspectProxy.m in Sources */ = {isa = PBXBuildFile; fileRef = 920D2AA02278290A0040F8EE /* AspectProxy.m */; };
		920D2AA622782B230040F8EE /* 架构 in Resources */ = {isa = PBXBuildFile; fileRef = 920D2AA522782B230040F8EE /* 架构 */; };
		920D36D22275745A00D63241 /* AppDelegate.m in Sources */ = {isa = PBXBuildFile; fileRef = 920D36D12275745A00D63241 /* AppDelegate.m */; };
		920D36D52275745A00D63241 /* ViewController.m in Sources */ = {isa = PBXBuildFile; fileRef = 920D36D42275745A00D63241 /* ViewController.m */; };
		920D36D82275745A00D63241 /* Main.storyboard in Resources */ = {isa = PBXBuildFile; fileRef = 920D36D62275745A00D63241 /* Main.storyboard */; };
		920D36DA2275745C00D63241 /* Assets.xcassets in Resources */ = {isa = PBXBuildFile; fileRef = 920D36D92275745C00D63241 /* Assets.xcassets */; };
		920D36DD2275745C00D63241 /* LaunchScreen.storyboard in Resources */ = {isa = PBXBuildFile; fileRef = 920D36DB2275745C00D63241 /* LaunchScreen.storyboard */; };
		920D36E02275745C00D63241 /* main.m in Sources */ = {isa = PBXBuildFile; fileRef = 920D36DF2275745C00D63241 /* main.m */; };
		9233BA502276D573009C19D3 /* JSThread.m in Sources */ = {isa = PBXBuildFile; fileRef = 9233BA4F2276D573009C19D3 /* JSThread.m */; };
		924A9DC72276DFAB003A0226 /* JSRunLoop.m in Sources */ = {isa = PBXBuildFile; fileRef = 924A9DC62276DFAB003A0226 /* JSRunLoop.m */; };
		924A9DCA2276E038003A0226 /* JSLock.m in Sources */ = {isa = PBXBuildFile; fileRef = 924A9DC82276E038003A0226 /* JSLock.m */; };
		924A9DCD2276F863003A0226 /* JSRunTime.m in Sources */ = {isa = PBXBuildFile; fileRef = 924A9DCC2276F863003A0226 /* JSRunTime.m */; };
		924A9DCF22770539003A0226 /* 面试题总结文件 in Resources */ = {isa = PBXBuildFile; fileRef = 924A9DCE22770539003A0226 /* 面试题总结文件 */; };
/* End PBXBuildFile section */

/* Begin PBXFileReference section */
		920D2A732277DD8C0040F8EE /* 剑指offer */ = {isa = PBXFileReference; lastKnownFileType = text; path = "剑指offer"; sourceTree = "<group>"; };
		920D2A7A2277E8DA0040F8EE /* JSTextContext.h */ = {isa = PBXFileReference; fileEncoding = 4; lastKnownFileType = sourcecode.c.h; path = JSTextContext.h; sourceTree = "<group>"; };
		920D2A7B2277E8DA0040F8EE /* JSTextContext.m */ = {isa = PBXFileReference; fileEncoding = 4; lastKnownFileType = sourcecode.c.objc; path = JSTextContext.m; sourceTree = "<group>"; };
		920D2A83227816100040F8EE /* JSNetworking.h */ = {isa = PBXFileReference; lastKnownFileType = sourcecode.c.h; path = JSNetworking.h; sourceTree = "<group>"; };
		920D2A84227816110040F8EE /* JSNetworking.m */ = {isa = PBXFileReference; lastKnownFileType = sourcecode.c.objc; path = JSNetworking.m; sourceTree = "<group>"; };
		920D2A8622781E750040F8EE /* 数据加密 */ = {isa = PBXFileReference; lastKnownFileType = text; path = "数据加密"; sourceTree = "<group>"; };
		920D2A8A2278207E0040F8EE /* JSMemory.h */ = {isa = PBXFileReference; lastKnownFileType = sourcecode.c.h; path = JSMemory.h; sourceTree = "<group>"; };
		920D2A8B2278207E0040F8EE /* JSMemory.m */ = {isa = PBXFileReference; lastKnownFileType = sourcecode.c.objc; path = JSMemory.m; sourceTree = "<group>"; };
		920D2A8D2278244B0040F8EE /* JSCompiler.h */ = {isa = PBXFileReference; lastKnownFileType = sourcecode.c.h; path = JSCompiler.h; sourceTree = "<group>"; };
		920D2A8E2278244B0040F8EE /* JSCompiler.m */ = {isa = PBXFileReference; lastKnownFileType = sourcecode.c.objc; path = JSCompiler.m; sourceTree = "<group>"; };
		920D2A912278255A0040F8EE /* JSPods */ = {isa = PBXFileReference; fileEncoding = 4; lastKnownFileType = text; path = JSPods; sourceTree = "<group>"; };
		920D2A95227825A60040F8EE /* block */ = {isa = PBXFileReference; lastKnownFileType = text; path = block; sourceTree = "<group>"; };
		920D2A98227825FE0040F8EE /* Prepare */ = {isa = PBXFileReference; lastKnownFileType = text; path = Prepare; sourceTree = "<group>"; };
		920D2A9B227826340040F8EE /* DataStruct.m */ = {isa = PBXFileReference; fileEncoding = 4; lastKnownFileType = sourcecode.c.objc; path = DataStruct.m; sourceTree = "<group>"; };
		920D2A9C227826340040F8EE /* DataStruct.h */ = {isa = PBXFileReference; fileEncoding = 4; lastKnownFileType = sourcecode.c.h; path = DataStruct.h; sourceTree = "<group>"; };
		920D2A9E227826BD0040F8EE /* 知识点总结 */ = {isa = PBXFileReference; lastKnownFileType = text; path = "知识点总结"; sourceTree = "<group>"; };
		920D2AA02278290A0040F8EE /* AspectProxy.m */ = {isa = PBXFileReference; fileEncoding = 4; lastKnownFileType = sourcecode.c.objc; path = AspectProxy.m; sourceTree = "<group>"; };
		920D2AA12278290A0040F8EE /* AspectProxy.h */ = {isa = PBXFileReference; fileEncoding = 4; lastKnownFileType = sourcecode.c.h; path = AspectProxy.h; sourceTree = "<group>"; };
		920D2AA3227829230040F8EE /* Invoker.h */ = {isa = PBXFileReference; fileEncoding = 4; lastKnownFileType = sourcecode.c.h; path = Invoker.h; sourceTree = "<group>"; };
		920D2AA522782B230040F8EE /* 架构 */ = {isa = PBXFileReference; lastKnownFileType = text; path = "架构"; sourceTree = "<group>"; };
		920D2AA722782C600040F8EE /* JSObject.h */ = {isa = PBXFileReference; fileEncoding = 4; lastKnownFileType = sourcecode.c.h; path = JSObject.h; sourceTree = "<group>"; };
		920D36CD2275745A00D63241 /* HelloWordl.app */ = {isa = PBXFileReference; explicitFileType = wrapper.application; includeInIndex = 0; path = HelloWordl.app; sourceTree = BUILT_PRODUCTS_DIR; };
		920D36D02275745A00D63241 /* AppDelegate.h */ = {isa = PBXFileReference; lastKnownFileType = sourcecode.c.h; path = AppDelegate.h; sourceTree = "<group>"; };
		920D36D12275745A00D63241 /* AppDelegate.m */ = {isa = PBXFileReference; lastKnownFileType = sourcecode.c.objc; path = AppDelegate.m; sourceTree = "<group>"; };
		920D36D32275745A00D63241 /* ViewController.h */ = {isa = PBXFileReference; lastKnownFileType = sourcecode.c.h; path = ViewController.h; sourceTree = "<group>"; };
		920D36D42275745A00D63241 /* ViewController.m */ = {isa = PBXFileReference; lastKnownFileType = sourcecode.c.objc; path = ViewController.m; sourceTree = "<group>"; };
		920D36D72275745A00D63241 /* Base */ = {isa = PBXFileReference; lastKnownFileType = file.storyboard; name = Base; path = Base.lproj/Main.storyboard; sourceTree = "<group>"; };
		920D36D92275745C00D63241 /* Assets.xcassets */ = {isa = PBXFileReference; lastKnownFileType = folder.assetcatalog; path = Assets.xcassets; sourceTree = "<group>"; };
		920D36DC2275745C00D63241 /* Base */ = {isa = PBXFileReference; lastKnownFileType = file.storyboard; name = Base; path = Base.lproj/LaunchScreen.storyboard; sourceTree = "<group>"; };
		920D36DE2275745C00D63241 /* Info.plist */ = {isa = PBXFileReference; lastKnownFileType = text.plist.xml; path = Info.plist; sourceTree = "<group>"; };
		920D36DF2275745C00D63241 /* main.m */ = {isa = PBXFileReference; lastKnownFileType = sourcecode.c.objc; path = main.m; sourceTree = "<group>"; };
		9233BA4E2276D573009C19D3 /* JSThread.h */ = {isa = PBXFileReference; lastKnownFileType = sourcecode.c.h; path = JSThread.h; sourceTree = "<group>"; };
		9233BA4F2276D573009C19D3 /* JSThread.m */ = {isa = PBXFileReference; lastKnownFileType = sourcecode.c.objc; path = JSThread.m; sourceTree = "<group>"; };
		924A9DC52276DFAB003A0226 /* JSRunLoop.h */ = {isa = PBXFileReference; lastKnownFileType = sourcecode.c.h; path = JSRunLoop.h; sourceTree = "<group>"; };
		924A9DC62276DFAB003A0226 /* JSRunLoop.m */ = {isa = PBXFileReference; lastKnownFileType = sourcecode.c.objc; path = JSRunLoop.m; sourceTree = "<group>"; };
		924A9DC82276E038003A0226 /* JSLock.m */ = {isa = PBXFileReference; fileEncoding = 4; lastKnownFileType = sourcecode.c.objc; path = JSLock.m; sourceTree = "<group>"; };
		924A9DC92276E038003A0226 /* JSLock.h */ = {isa = PBXFileReference; fileEncoding = 4; lastKnownFileType = sourcecode.c.h; path = JSLock.h; sourceTree = "<group>"; };
		924A9DCB2276F863003A0226 /* JSRunTime.h */ = {isa = PBXFileReference; lastKnownFileType = sourcecode.c.h; path = JSRunTime.h; sourceTree = "<group>"; };
		924A9DCC2276F863003A0226 /* JSRunTime.m */ = {isa = PBXFileReference; lastKnownFileType = sourcecode.c.objc; path = JSRunTime.m; sourceTree = "<group>"; };
		924A9DCE22770539003A0226 /* 面试题总结文件 */ = {isa = PBXFileReference; lastKnownFileType = text; path = "面试题总结文件"; sourceTree = "<group>"; };
/* End PBXFileReference section */

/* Begin PBXFrameworksBuildPhase section */
		920D36CA2275745A00D63241 /* Frameworks */ = {
			isa = PBXFrameworksBuildPhase;
			buildActionMask = 2147483647;
			files = (
			);
			runOnlyForDeploymentPostprocessing = 0;
		};
/* End PBXFrameworksBuildPhase section */

/* Begin PBXGroup section */
		920D2A722277DD770040F8EE /* 剑指offer  */ = {
			isa = PBXGroup;
			children = (
				920D2A7A2277E8DA0040F8EE /* JSTextContext.h */,
				920D2A7B2277E8DA0040F8EE /* JSTextContext.m */,
				920D2A732277DD8C0040F8EE /* 剑指offer */,
			);
			path = "剑指offer ";
			sourceTree = "<group>";
		};
		920D2A752277DE4B0040F8EE /* 数据加密 */ = {
			isa = PBXGroup;
			children = (
				920D2A8622781E750040F8EE /* 数据加密 */,
			);
			path = "数据加密";
			sourceTree = "<group>";
		};
		920D2A762277DE530040F8EE /* 网络协议 */ = {
			isa = PBXGroup;
			children = (
				920D2A83227816100040F8EE /* JSNetworking.h */,
				920D2A84227816110040F8EE /* JSNetworking.m */,
			);
			path = "网络协议";
			sourceTree = "<group>";
		};
		920D2A8822781EE60040F8EE /* 编译器相关 */ = {
			isa = PBXGroup;
			children = (
				920D2A8D2278244B0040F8EE /* JSCompiler.h */,
				920D2A8E2278244B0040F8EE /* JSCompiler.m */,
			);
			path = "编译器相关";
			sourceTree = "<group>";
		};
		920D2A8922781EF90040F8EE /* 内存相关 */ = {
			isa = PBXGroup;
			children = (
				920D2A8A2278207E0040F8EE /* JSMemory.h */,
				920D2A8B2278207E0040F8EE /* JSMemory.m */,
			);
			path = "内存相关";
			sourceTree = "<group>";
		};
		920D2A90227825490040F8EE /* CocoaPods使用 */ = {
			isa = PBXGroup;
			children = (
				920D2A912278255A0040F8EE /* JSPods */,
			);
			path = "CocoaPods使用";
			sourceTree = "<group>";
		};
		920D2A932278255E0040F8EE /* Git使用 */ = {
			isa = PBXGroup;
			children = (
			);
			path = "Git使用";
			sourceTree = "<group>";
		};
		920D2A94227825940040F8EE /* Block */ = {
			isa = PBXGroup;
			children = (
				920D2A95227825A60040F8EE /* block */,
			);
			path = Block;
			sourceTree = "<group>";
		};
		920D2A97227825E30040F8EE /* 准备工作 */ = {
			isa = PBXGroup;
			children = (
				920D2A98227825FE0040F8EE /* Prepare */,
			);
			path = "准备工作";
			sourceTree = "<group>";
		};
		920D2A9A227826230040F8EE /* 算法与数据结构 */ = {
			isa = PBXGroup;
			children = (
				920D2A9C227826340040F8EE /* DataStruct.h */,
				920D2A9B227826340040F8EE /* DataStruct.m */,
			);
			path = "算法与数据结构";
			sourceTree = "<group>";
		};
		920D2AA422782B0E0040F8EE /* 架构相关 */ = {
			isa = PBXGroup;
			children = (
				920D2AA522782B230040F8EE /* 架构 */,
			);
			path = "架构相关";
			sourceTree = "<group>";
		};
		920D36C42275745A00D63241 = {
			isa = PBXGroup;
			children = (
				920D36CF2275745A00D63241 /* HelloWordl */,
				920D36CE2275745A00D63241 /* Products */,
			);
			sourceTree = "<group>";
		};
		920D36CE2275745A00D63241 /* Products */ = {
			isa = PBXGroup;
			children = (
				920D36CD2275745A00D63241 /* HelloWordl.app */,
			);
			name = Products;
			sourceTree = "<group>";
		};
		920D36CF2275745A00D63241 /* HelloWordl */ = {
			isa = PBXGroup;
			children = (
				920D2AA422782B0E0040F8EE /* 架构相关 */,
				920D2A9A227826230040F8EE /* 算法与数据结构 */,
				920D2A97227825E30040F8EE /* 准备工作 */,
				920D2A94227825940040F8EE /* Block */,
				920D2A932278255E0040F8EE /* Git使用 */,
				920D2A90227825490040F8EE /* CocoaPods使用 */,
				920D2A8922781EF90040F8EE /* 内存相关 */,
				920D2A8822781EE60040F8EE /* 编译器相关 */,
				920D2A762277DE530040F8EE /* 网络协议 */,
				920D2A752277DE4B0040F8EE /* 数据加密 */,
				920D2A722277DD770040F8EE /* 剑指offer  */,
				924A9DC42276DF10003A0226 /* 面试题总结 */,
				9233BA4D2276D54C009C19D3 /* Runtime */,
				9233BA4C2276D546009C19D3 /* RunLoop */,
				9233BA4B2276D541009C19D3 /* 锁 */,
				9233BA4A2276D536009C19D3 /* 多线程 */,
				920D36D02275745A00D63241 /* AppDelegate.h */,
				920D36D12275745A00D63241 /* AppDelegate.m */,
				920D36D32275745A00D63241 /* ViewController.h */,
				920D36D42275745A00D63241 /* ViewController.m */,
				920D36D62275745A00D63241 /* Main.storyboard */,
				920D36D92275745C00D63241 /* Assets.xcassets */,
				920D36DB2275745C00D63241 /* LaunchScreen.storyboard */,
				920D36DE2275745C00D63241 /* Info.plist */,
				920D36DF2275745C00D63241 /* main.m */,
			);
			path = HelloWordl;
			sourceTree = "<group>";
		};
		9233BA4A2276D536009C19D3 /* 多线程 */ = {
			isa = PBXGroup;
			children = (
				9233BA4E2276D573009C19D3 /* JSThread.h */,
				9233BA4F2276D573009C19D3 /* JSThread.m */,
			);
			path = "多线程";
			sourceTree = "<group>";
		};
		9233BA4B2276D541009C19D3 /* 锁 */ = {
			isa = PBXGroup;
			children = (
				924A9DC92276E038003A0226 /* JSLock.h */,
				924A9DC82276E038003A0226 /* JSLock.m */,
			);
			path = "锁";
			sourceTree = "<group>";
		};
		9233BA4C2276D546009C19D3 /* RunLoop */ = {
			isa = PBXGroup;
			children = (
				924A9DC52276DFAB003A0226 /* JSRunLoop.h */,
				924A9DC62276DFAB003A0226 /* JSRunLoop.m */,
			);
			path = RunLoop;
			sourceTree = "<group>";
		};
		9233BA4D2276D54C009C19D3 /* Runtime */ = {
			isa = PBXGroup;
			children = (
				920D2AA3227829230040F8EE /* Invoker.h */,
				920D2AA12278290A0040F8EE /* AspectProxy.h */,
				920D2AA02278290A0040F8EE /* AspectProxy.m */,
				924A9DCB2276F863003A0226 /* JSRunTime.h */,
				924A9DCC2276F863003A0226 /* JSRunTime.m */,
			);
			path = Runtime;
			sourceTree = "<group>";
		};
		924A9DC42276DF10003A0226 /* 面试题总结 */ = {
			isa = PBXGroup;
			children = (
				920D2AA722782C600040F8EE /* JSObject.h */,
				924A9DCE22770539003A0226 /* 面试题总结文件 */,
				920D2A9E227826BD0040F8EE /* 知识点总结 */,
			);
			path = "面试题总结";
			sourceTree = "<group>";
		};
/* End PBXGroup section */

/* Begin PBXNativeTarget section */
		920D36CC2275745A00D63241 /* HelloWordl */ = {
			isa = PBXNativeTarget;
			buildConfigurationList = 920D36E32275745C00D63241 /* Build configuration list for PBXNativeTarget "HelloWordl" */;
			buildPhases = (
				920D36C92275745A00D63241 /* Sources */,
				920D36CA2275745A00D63241 /* Frameworks */,
				920D36CB2275745A00D63241 /* Resources */,
			);
			buildRules = (
			);
			dependencies = (
			);
			name = HelloWordl;
			productName = HelloWordl;
			productReference = 920D36CD2275745A00D63241 /* HelloWordl.app */;
			productType = "com.apple.product-type.application";
		};
/* End PBXNativeTarget section */

/* Begin PBXProject section */
		920D36C52275745A00D63241 /* Project object */ = {
			isa = PBXProject;
			attributes = {
				LastUpgradeCheck = 1020;
				ORGANIZATIONNAME = lmg;
				TargetAttributes = {
					920D36CC2275745A00D63241 = {
						CreatedOnToolsVersion = 10.2;
					};
				};
			};
			buildConfigurationList = 920D36C82275745A00D63241 /* Build configuration list for PBXProject "HelloWordl" */;
			compatibilityVersion = "Xcode 9.3";
			developmentRegion = en;
			hasScannedForEncodings = 0;
			knownRegions = (
				en,
				Base,
			);
			mainGroup = 920D36C42275745A00D63241;
			productRefGroup = 920D36CE2275745A00D63241 /* Products */;
			projectDirPath = "";
			projectRoot = "";
			targets = (
				920D36CC2275745A00D63241 /* HelloWordl */,
			);
		};
/* End PBXProject section */

/* Begin PBXResourcesBuildPhase section */
		920D36CB2275745A00D63241 /* Resources */ = {
			isa = PBXResourcesBuildPhase;
			buildActionMask = 2147483647;
			files = (
				920D2A99227825FE0040F8EE /* Prepare in Resources */,
				920D2A9F227826BD0040F8EE /* 知识点总结 in Resources */,
				920D2A96227825A60040F8EE /* block in Resources */,
				920D2A8722781E750040F8EE /* 数据加密 in Resources */,
				920D36DD2275745C00D63241 /* LaunchScreen.storyboard in Resources */,
				924A9DCF22770539003A0226 /* 面试题总结文件 in Resources */,
				920D36DA2275745C00D63241 /* Assets.xcassets in Resources */,
				920D36D82275745A00D63241 /* Main.storyboard in Resources */,
				920D2AA622782B230040F8EE /* 架构 in Resources */,
				920D2A742277DD8C0040F8EE /* 剑指offer in Resources */,
				920D2A922278255A0040F8EE /* JSPods in Resources */,
			);
			runOnlyForDeploymentPostprocessing = 0;
		};
/* End PBXResourcesBuildPhase section */

/* Begin PBXSourcesBuildPhase section */
		920D36C92275745A00D63241 /* Sources */ = {
			isa = PBXSourcesBuildPhase;
			buildActionMask = 2147483647;
			files = (
				920D36D52275745A00D63241 /* ViewController.m in Sources */,
				920D2A8C2278207E0040F8EE /* JSMemory.m in Sources */,
				920D2A9D227826340040F8EE /* DataStruct.m in Sources */,
				920D2AA22278290A0040F8EE /* AspectProxy.m in Sources */,
				920D2A7C2277E8DA0040F8EE /* JSTextContext.m in Sources */,
				924A9DC72276DFAB003A0226 /* JSRunLoop.m in Sources */,
				920D36E02275745C00D63241 /* main.m in Sources */,
				924A9DCA2276E038003A0226 /* JSLock.m in Sources */,
				920D2A8F2278244B0040F8EE /* JSCompiler.m in Sources */,
				920D2A85227816110040F8EE /* JSNetworking.m in Sources */,
				924A9DCD2276F863003A0226 /* JSRunTime.m in Sources */,
				9233BA502276D573009C19D3 /* JSThread.m in Sources */,
				920D36D22275745A00D63241 /* AppDelegate.m in Sources */,
			);
			runOnlyForDeploymentPostprocessing = 0;
		};
/* End PBXSourcesBuildPhase section */

/* Begin PBXVariantGroup section */
		920D36D62275745A00D63241 /* Main.storyboard */ = {
			isa = PBXVariantGroup;
			children = (
				920D36D72275745A00D63241 /* Base */,
			);
			name = Main.storyboard;
			sourceTree = "<group>";
		};
		920D36DB2275745C00D63241 /* LaunchScreen.storyboard */ = {
			isa = PBXVariantGroup;
			children = (
				920D36DC2275745C00D63241 /* Base */,
			);
			name = LaunchScreen.storyboard;
			sourceTree = "<group>";
		};
/* End PBXVariantGroup section */

/* Begin XCBuildConfiguration section */
		920D36E12275745C00D63241 /* Debug */ = {
			isa = XCBuildConfiguration;
			buildSettings = {
				ALWAYS_SEARCH_USER_PATHS = NO;
				CLANG_ANALYZER_NONNULL = YES;
				CLANG_ANALYZER_NUMBER_OBJECT_CONVERSION = YES_AGGRESSIVE;
				CLANG_CXX_LANGUAGE_STANDARD = "gnu++14";
				CLANG_CXX_LIBRARY = "libc++";
				CLANG_ENABLE_MODULES = YES;
				CLANG_ENABLE_OBJC_ARC = YES;
				CLANG_ENABLE_OBJC_WEAK = YES;
				CLANG_WARN_BLOCK_CAPTURE_AUTORELEASING = YES;
				CLANG_WARN_BOOL_CONVERSION = YES;
				CLANG_WARN_COMMA = YES;
				CLANG_WARN_CONSTANT_CONVERSION = YES;
				CLANG_WARN_DEPRECATED_OBJC_IMPLEMENTATIONS = YES;
				CLANG_WARN_DIRECT_OBJC_ISA_USAGE = YES_ERROR;
				CLANG_WARN_DOCUMENTATION_COMMENTS = YES;
				CLANG_WARN_EMPTY_BODY = YES;
				CLANG_WARN_ENUM_CONVERSION = YES;
				CLANG_WARN_INFINITE_RECURSION = YES;
				CLANG_WARN_INT_CONVERSION = YES;
				CLANG_WARN_NON_LITERAL_NULL_CONVERSION = YES;
				CLANG_WARN_OBJC_IMPLICIT_RETAIN_SELF = YES;
				CLANG_WARN_OBJC_LITERAL_CONVERSION = YES;
				CLANG_WARN_OBJC_ROOT_CLASS = YES_ERROR;
				CLANG_WARN_RANGE_LOOP_ANALYSIS = YES;
				CLANG_WARN_STRICT_PROTOTYPES = YES;
				CLANG_WARN_SUSPICIOUS_MOVE = YES;
				CLANG_WARN_UNGUARDED_AVAILABILITY = YES_AGGRESSIVE;
				CLANG_WARN_UNREACHABLE_CODE = YES;
				CLANG_WARN__DUPLICATE_METHOD_MATCH = YES;
				CODE_SIGN_IDENTITY = "iPhone Developer";
				COPY_PHASE_STRIP = NO;
				DEBUG_INFORMATION_FORMAT = dwarf;
				ENABLE_STRICT_OBJC_MSGSEND = YES;
				ENABLE_TESTABILITY = YES;
				GCC_C_LANGUAGE_STANDARD = gnu11;
				GCC_DYNAMIC_NO_PIC = NO;
				GCC_NO_COMMON_BLOCKS = YES;
				GCC_OPTIMIZATION_LEVEL = 0;
				GCC_PREPROCESSOR_DEFINITIONS = (
					"DEBUG=1",
					"$(inherited)",
				);
				GCC_WARN_64_TO_32_BIT_CONVERSION = YES;
				GCC_WARN_ABOUT_RETURN_TYPE = YES_ERROR;
				GCC_WARN_UNDECLARED_SELECTOR = YES;
				GCC_WARN_UNINITIALIZED_AUTOS = YES_AGGRESSIVE;
				GCC_WARN_UNUSED_FUNCTION = YES;
				GCC_WARN_UNUSED_VARIABLE = YES;
				IPHONEOS_DEPLOYMENT_TARGET = 12.2;
				MTL_ENABLE_DEBUG_INFO = INCLUDE_SOURCE;
				MTL_FAST_MATH = YES;
				ONLY_ACTIVE_ARCH = YES;
				SDKROOT = iphoneos;
			};
			name = Debug;
		};
		920D36E22275745C00D63241 /* Release */ = {
			isa = XCBuildConfiguration;
			buildSettings = {
				ALWAYS_SEARCH_USER_PATHS = NO;
				CLANG_ANALYZER_NONNULL = YES;
				CLANG_ANALYZER_NUMBER_OBJECT_CONVERSION = YES_AGGRESSIVE;
				CLANG_CXX_LANGUAGE_STANDARD = "gnu++14";
				CLANG_CXX_LIBRARY = "libc++";
				CLANG_ENABLE_MODULES = YES;
				CLANG_ENABLE_OBJC_ARC = YES;
				CLANG_ENABLE_OBJC_WEAK = YES;
				CLANG_WARN_BLOCK_CAPTURE_AUTORELEASING = YES;
				CLANG_WARN_BOOL_CONVERSION = YES;
				CLANG_WARN_COMMA = YES;
				CLANG_WARN_CONSTANT_CONVERSION = YES;
				CLANG_WARN_DEPRECATED_OBJC_IMPLEMENTATIONS = YES;
				CLANG_WARN_DIRECT_OBJC_ISA_USAGE = YES_ERROR;
				CLANG_WARN_DOCUMENTATION_COMMENTS = YES;
				CLANG_WARN_EMPTY_BODY = YES;
				CLANG_WARN_ENUM_CONVERSION = YES;
				CLANG_WARN_INFINITE_RECURSION = YES;
				CLANG_WARN_INT_CONVERSION = YES;
				CLANG_WARN_NON_LITERAL_NULL_CONVERSION = YES;
				CLANG_WARN_OBJC_IMPLICIT_RETAIN_SELF = YES;
				CLANG_WARN_OBJC_LITERAL_CONVERSION = YES;
				CLANG_WARN_OBJC_ROOT_CLASS = YES_ERROR;
				CLANG_WARN_RANGE_LOOP_ANALYSIS = YES;
				CLANG_WARN_STRICT_PROTOTYPES = YES;
				CLANG_WARN_SUSPICIOUS_MOVE = YES;
				CLANG_WARN_UNGUARDED_AVAILABILITY = YES_AGGRESSIVE;
				CLANG_WARN_UNREACHABLE_CODE = YES;
				CLANG_WARN__DUPLICATE_METHOD_MATCH = YES;
				CODE_SIGN_IDENTITY = "iPhone Developer";
				COPY_PHASE_STRIP = NO;
				DEBUG_INFORMATION_FORMAT = "dwarf-with-dsym";
				ENABLE_NS_ASSERTIONS = NO;
				ENABLE_STRICT_OBJC_MSGSEND = YES;
				GCC_C_LANGUAGE_STANDARD = gnu11;
				GCC_NO_COMMON_BLOCKS = YES;
				GCC_WARN_64_TO_32_BIT_CONVERSION = YES;
				GCC_WARN_ABOUT_RETURN_TYPE = YES_ERROR;
				GCC_WARN_UNDECLARED_SELECTOR = YES;
				GCC_WARN_UNINITIALIZED_AUTOS = YES_AGGRESSIVE;
				GCC_WARN_UNUSED_FUNCTION = YES;
				GCC_WARN_UNUSED_VARIABLE = YES;
				IPHONEOS_DEPLOYMENT_TARGET = 12.2;
				MTL_ENABLE_DEBUG_INFO = NO;
				MTL_FAST_MATH = YES;
				SDKROOT = iphoneos;
				VALIDATE_PRODUCT = YES;
			};
			name = Release;
		};
		920D36E42275745C00D63241 /* Debug */ = {
			isa = XCBuildConfiguration;
			buildSettings = {
				ASSETCATALOG_COMPILER_APPICON_NAME = AppIcon;
				CODE_SIGN_STYLE = Automatic;
				DEVELOPMENT_TEAM = 43X54L77TV;
				INFOPLIST_FILE = HelloWordl/Info.plist;
				LD_RUNPATH_SEARCH_PATHS = (
					"$(inherited)",
					"@executable_path/Frameworks",
				);
				PRODUCT_BUNDLE_IDENTIFIER = cn.com.luomengge.HelloWordl;
				PRODUCT_NAME = "$(TARGET_NAME)";
				TARGETED_DEVICE_FAMILY = "1,2";
			};
			name = Debug;
		};
		920D36E52275745C00D63241 /* Release */ = {
			isa = XCBuildConfiguration;
			buildSettings = {
				ASSETCATALOG_COMPILER_APPICON_NAME = AppIcon;
				CODE_SIGN_STYLE = Automatic;
				DEVELOPMENT_TEAM = 43X54L77TV;
				INFOPLIST_FILE = HelloWordl/Info.plist;
				LD_RUNPATH_SEARCH_PATHS = (
					"$(inherited)",
					"@executable_path/Frameworks",
				);
				PRODUCT_BUNDLE_IDENTIFIER = cn.com.luomengge.HelloWordl;
				PRODUCT_NAME = "$(TARGET_NAME)";
				TARGETED_DEVICE_FAMILY = "1,2";
			};
			name = Release;
		};
/* End XCBuildConfiguration section */

/* Begin XCConfigurationList section */
		920D36C82275745A00D63241 /* Build configuration list for PBXProject "HelloWordl" */ = {
			isa = XCConfigurationList;
			buildConfigurations = (
				920D36E12275745C00D63241 /* Debug */,
				920D36E22275745C00D63241 /* Release */,
			);
			defaultConfigurationIsVisible = 0;
			defaultConfigurationName = Release;
		};
		920D36E32275745C00D63241 /* Build configuration list for PBXNativeTarget "HelloWordl" */ = {
			isa = XCConfigurationList;
			buildConfigurations = (
				920D36E42275745C00D63241 /* Debug */,
				920D36E52275745C00D63241 /* Release */,
			);
			defaultConfigurationIsVisible = 0;
			defaultConfigurationName = Release;
		};
/* End XCConfigurationList section */
	};
	rootObject = 920D36C52275745A00D63241 /* Project object */;
}
